
Microsoft Visual Studio Solution File, Format Version 10.00
# Visual Studio 2008
Project("{8BC9CEB8-8B4A-11D0-8D11-00A0C91BC942}") = "Test", "Test\Test.vcproj", "{8A4AE840-51BD-4F95-8BBA-C3FE5529FB6C}"
EndProject
Global
	GlobalSection(SolutionConfigurationPlatforms) = preSolution
		Debug|Win32 = Debug|Win32
		Release|Win32 = Release|Win32
	EndGlobalSection
	GlobalSection(ProjectConfigurationPlatforms) = postSolution
		{8A4AE840-51BD-4F95-8BBA-C3FE5529FB6C}.Debug|Win32.ActiveCfg = Debug|Win32
		{8A4AE840-51BD-4F95-8BBA-C3FE5529FB6C}.Debug|Win32.Build.0 = Debug|Win32
		{8A4AE840-51BD-4F95-8BBA-C3FE5529FB6C}.Release|Win32.ActiveCfg = Release|Win32
		{8A4AE840-51BD-4F95-8BBA-C3FE5529FB6C}.Release|Win32.Build.0 = Release|Win32
	EndGlobalSection
	GlobalSection(SolutionProperties) = preSolution
		HideSolutionNode = FALSE
	EndGlobalSection
EndGlobal
